{
  "name": "Dnd-app-new",
  "lockfileVersion": 3,
  "requires": true,
  "packages": {
    "": {
      "dependencies": {
        "dnd-data": "^1.0.0"
      }
    },
    "node_modules/dnd-data": {
      "version": "1.0.0",
      "resolved": "https://registry.npmjs.org/dnd-data/-/dnd-data-1.0.0.tgz",
      "integrity": "sha512-owe7lzJ97TtfMo9KLZ2Z4LExvpO98Qt3oOIg54xOB3MjrN5ee0Ki6XwC1VSsRbapk0BSCh2ai8x6AXhcZc+4vw==",
      "license": "MIT"
    }
  }
}
